
Microsoft Visual Studio Solution File, Format Version 12.00
# Visual Studio Version 17
VisualStudioVersion = 17.8.34330.188
MinimumVisualStudioVersion = 10.0.40219.1
Project("{9A19103F-16F7-4668-BE54-9A1E7A4F7556}") = "Main", "Main\Main.csproj", "{2CF2ABB6-B84E-4D2C-8460-A8F6160C0A5A}"
EndProject
Project("{9A19103F-16F7-4668-BE54-9A1E7A4F7556}") = "HotelRoomCreater(Builder)", "HotelRoomCreater(Builder)\HotelRoomCreater(Builder).csproj", "{2D6D77C0-BAE9-46DE-A81E-268ED4A5A5CC}"
EndProject
Project("{FAE04EC0-301F-11D3-BF4B-00C04F79EFBC}") = "Guest(Singleton)", "Guest(Singleton)\Guest(Singleton).csproj", "{7F770031-F402-415E-984C-06C842CB0AD3}"
EndProject
Global
	GlobalSection(SolutionConfigurationPlatforms) = preSolution
		Debug|Any CPU = Debug|Any CPU
		Release|Any CPU = Release|Any CPU
	EndGlobalSection
	GlobalSection(ProjectConfigurationPlatforms) = postSolution
		{2CF2ABB6-B84E-4D2C-8460-A8F6160C0A5A}.Debug|Any CPU.ActiveCfg = Debug|Any CPU
		{2CF2ABB6-B84E-4D2C-8460-A8F6160C0A5A}.Debug|Any CPU.Build.0 = Debug|Any CPU
		{2CF2ABB6-B84E-4D2C-8460-A8F6160C0A5A}.Release|Any CPU.ActiveCfg = Release|Any CPU
		{2CF2ABB6-B84E-4D2C-8460-A8F6160C0A5A}.Release|Any CPU.Build.0 = Release|Any CPU
		{2D6D77C0-BAE9-46DE-A81E-268ED4A5A5CC}.Debug|Any CPU.ActiveCfg = Debug|Any CPU
		{2D6D77C0-BAE9-46DE-A81E-268ED4A5A5CC}.Debug|Any CPU.Build.0 = Debug|Any CPU
		{2D6D77C0-BAE9-46DE-A81E-268ED4A5A5CC}.Release|Any CPU.ActiveCfg = Release|Any CPU
		{2D6D77C0-BAE9-46DE-A81E-268ED4A5A5CC}.Release|Any CPU.Build.0 = Release|Any CPU
		{7F770031-F402-415E-984C-06C842CB0AD3}.Debug|Any CPU.ActiveCfg = Debug|Any CPU
		{7F770031-F402-415E-984C-06C842CB0AD3}.Debug|Any CPU.Build.0 = Debug|Any CPU
		{7F770031-F402-415E-984C-06C842CB0AD3}.Release|Any CPU.ActiveCfg = Release|Any CPU
		{7F770031-F402-415E-984C-06C842CB0AD3}.Release|Any CPU.Build.0 = Release|Any CPU
	EndGlobalSection
	GlobalSection(SolutionProperties) = preSolution
		HideSolutionNode = FALSE
	EndGlobalSection
	GlobalSection(ExtensibilityGlobals) = postSolution
		SolutionGuid = {7B5D8417-DF07-48A0-8F36-5F6445CA438A}
	EndGlobalSection
EndGlobal
